// !$*UTF8*$!
{
	archiveVersion = 1;
	classes = {
	};
	objectVersion = 77;
	objects = {

/* Begin PBXBuildFile section */
		36E49109797BDD687F86077B /* ContentView.swift in Sources */ = {isa = PBXBuildFile; fileRef = B9204C036EA4A301EF591282 /* ContentView.swift */; };
		3FBFE826388213084EEFEBA8 /* Shared.framework in Frameworks */ = {isa = PBXBuildFile; fileRef = 1E4AE850A4B72C8CF0B39504 /* Shared.framework */; };
		739C7D89D26973212FA28C18 /* Shared.framework in Embed Frameworks */ = {isa = PBXBuildFile; fileRef = 1E4AE850A4B72C8CF0B39504 /* Shared.framework */; settings = {ATTRIBUTES = (CodeSignOnCopy, RemoveHeadersOnCopy, ); }; };
		7565AF7AF387225F7F60DDFA /* IOSAppViewModelTests.swift in Sources */ = {isa = PBXBuildFile; fileRef = 4F42FE98C6FB40165E02C80E /* IOSAppViewModelTests.swift */; };
		80790370E3E9F9160FF3CA00 /* Shared.framework in Frameworks */ = {isa = PBXBuildFile; fileRef = 1E4AE850A4B72C8CF0B39504 /* Shared.framework */; };
		8C2B955F13180500AF99D6CE /* Localizable.strings in Resources */ = {isa = PBXBuildFile; fileRef = D0FD397499DA4B3717058C13 /* Localizable.strings */; };
		9F5708DCBD6A2E5159F62BD4 /* IOSAppViewModel.swift in Sources */ = {isa = PBXBuildFile; fileRef = FAEA340595C0556876307764 /* IOSAppViewModel.swift */; };
		BB0322B716D12C85336A02B9 /* LocalizationSmokeTests.swift in Sources */ = {isa = PBXBuildFile; fileRef = 8234F9F2A5190107157D320F /* LocalizationSmokeTests.swift */; };
		C6DC042C3AB8717092AD56CD /* DebridHubApp.swift in Sources */ = {isa = PBXBuildFile; fileRef = 1867AE7CB826BD3B8E0CE678 /* DebridHubApp.swift */; };
		CB9F97A87E0F8E7E563EA2CE /* AppL10n.generated.swift in Sources */ = {isa = PBXBuildFile; fileRef = 8931F4E88E91BD19C029D112 /* AppL10n.generated.swift */; };
		E8734FF55C62C214B1CA0450 /* Shared.framework in Embed Frameworks */ = {isa = PBXBuildFile; fileRef = 1E4AE850A4B72C8CF0B39504 /* Shared.framework */; settings = {ATTRIBUTES = (CodeSignOnCopy, RemoveHeadersOnCopy, ); }; };
		EC404BED5EB583102F3EA452 /* LaunchScreen.storyboard in Resources */ = {isa = PBXBuildFile; fileRef = 9501E2417D64B7A98CF74418 /* LaunchScreen.storyboard */; };
/* End PBXBuildFile section */

/* Begin PBXContainerItemProxy section */
		C8874601B7202762BFD8F4D4 /* PBXContainerItemProxy */ = {
			isa = PBXContainerItemProxy;
			containerPortal = F982FFCEF3C2F901DC6747C2 /* Project object */;
			proxyType = 1;
			remoteGlobalIDString = E31AFC00ACBA98EC6F628C82;
			remoteInfo = DebridHubHost;
		};
/* End PBXContainerItemProxy section */

/* Begin PBXCopyFilesBuildPhase section */
		1E1E4E783E3C2FE3C5106355 /* Embed Frameworks */ = {
			isa = PBXCopyFilesBuildPhase;
			buildActionMask = 2147483647;
			dstPath = "";
			dstSubfolderSpec = 10;
			files = (
				739C7D89D26973212FA28C18 /* Shared.framework in Embed Frameworks */,
			);
			name = "Embed Frameworks";
			runOnlyForDeploymentPostprocessing = 0;
		};
		B1F864759AD75FE9EC37B74B /* Embed Frameworks */ = {
			isa = PBXCopyFilesBuildPhase;
			buildActionMask = 2147483647;
			dstPath = "";
			dstSubfolderSpec = 10;
			files = (
				E8734FF55C62C214B1CA0450 /* Shared.framework in Embed Frameworks */,
			);
			name = "Embed Frameworks";
			runOnlyForDeploymentPostprocessing = 0;
		};
/* End PBXCopyFilesBuildPhase section */

/* Begin PBXFileReference section */
		0F34BB3B44E383FC97E182D7 /* DebridHubHost.app */ = {isa = PBXFileReference; includeInIndex = 0; lastKnownFileType = wrapper.application; path = DebridHubHost.app; sourceTree = BUILT_PRODUCTS_DIR; };
		1867AE7CB826BD3B8E0CE678 /* DebridHubApp.swift */ = {isa = PBXFileReference; lastKnownFileType = sourcecode.swift; path = DebridHubApp.swift; sourceTree = "<group>"; };
		19B5DCA04693F83D567E9474 /* fr */ = {isa = PBXFileReference; lastKnownFileType = text.plist.strings; name = fr; path = fr.lproj/Localizable.strings; sourceTree = "<group>"; };
		1C40A94832FA855471003583 /* es */ = {isa = PBXFileReference; lastKnownFileType = text.plist.strings; name = es; path = es.lproj/Localizable.strings; sourceTree = "<group>"; };
		1E4AE850A4B72C8CF0B39504 /* Shared.framework */ = {isa = PBXFileReference; lastKnownFileType = wrapper.framework; name = Shared.framework; path = "../shared/build/xcode-frameworks/$(CONFIGURATION)/$(SDK_NAME)/Shared.framework"; sourceTree = "<group>"; };
		208F2A1AAAADBCD12C46E2A7 /* DebridHubHostTests.xctest */ = {isa = PBXFileReference; includeInIndex = 0; lastKnownFileType = wrapper.cfbundle; path = DebridHubHostTests.xctest; sourceTree = BUILT_PRODUCTS_DIR; };
		4F42FE98C6FB40165E02C80E /* IOSAppViewModelTests.swift */ = {isa = PBXFileReference; lastKnownFileType = sourcecode.swift; path = IOSAppViewModelTests.swift; sourceTree = "<group>"; };
		5A3E0BE077F0BB5396EB8AB7 /* de */ = {isa = PBXFileReference; lastKnownFileType = text.plist.strings; name = de; path = de.lproj/Localizable.strings; sourceTree = "<group>"; };
		76E3C99F3ECB3A00F4C544C7 /* tr */ = {isa = PBXFileReference; lastKnownFileType = text.plist.strings; name = tr; path = tr.lproj/Localizable.strings; sourceTree = "<group>"; };
		8234F9F2A5190107157D320F /* LocalizationSmokeTests.swift */ = {isa = PBXFileReference; lastKnownFileType = sourcecode.swift; path = LocalizationSmokeTests.swift; sourceTree = "<group>"; };
		8931F4E88E91BD19C029D112 /* AppL10n.generated.swift */ = {isa = PBXFileReference; lastKnownFileType = sourcecode.swift; path = AppL10n.generated.swift; sourceTree = "<group>"; };
		9501E2417D64B7A98CF74418 /* LaunchScreen.storyboard */ = {isa = PBXFileReference; lastKnownFileType = file.storyboard; path = LaunchScreen.storyboard; sourceTree = "<group>"; };
		B9204C036EA4A301EF591282 /* ContentView.swift */ = {isa = PBXFileReference; lastKnownFileType = sourcecode.swift; path = ContentView.swift; sourceTree = "<group>"; };
		C7C3744ADBE081DFE641A71A /* en */ = {isa = PBXFileReference; lastKnownFileType = text.plist.strings; name = en; path = en.lproj/Localizable.strings; sourceTree = "<group>"; };
		FAEA340595C0556876307764 /* IOSAppViewModel.swift */ = {isa = PBXFileReference; lastKnownFileType = sourcecode.swift; path = IOSAppViewModel.swift; sourceTree = "<group>"; };
/* End PBXFileReference section */

/* Begin PBXFrameworksBuildPhase section */
		A3435672C1041F7BD03CA0D6 /* Frameworks */ = {
			isa = PBXFrameworksBuildPhase;
			buildActionMask = 2147483647;
			files = (
				3FBFE826388213084EEFEBA8 /* Shared.framework in Frameworks */,
			);
			runOnlyForDeploymentPostprocessing = 0;
		};
		E36F8205EE858D8390005960 /* Frameworks */ = {
			isa = PBXFrameworksBuildPhase;
			buildActionMask = 2147483647;
			files = (
				80790370E3E9F9160FF3CA00 /* Shared.framework in Frameworks */,
			);
			runOnlyForDeploymentPostprocessing = 0;
		};
/* End PBXFrameworksBuildPhase section */

/* Begin PBXGroup section */
		0ABBA50E078B98941303C41D /* Products */ = {
			isa = PBXGroup;
			children = (
				0F34BB3B44E383FC97E182D7 /* DebridHubHost.app */,
				208F2A1AAAADBCD12C46E2A7 /* DebridHubHostTests.xctest */,
			);
			name = Products;
			sourceTree = "<group>";
		};
		32F11133BF7211288CEC7CE2 = {
			isa = PBXGroup;
			children = (
				8CC2CB5D80D7F72A4164C392 /* DebridHubHost */,
				C5702487C14639712212F701 /* DebridHubHostTests */,
				CF2BB63CF57591EB63929B79 /* Frameworks */,
				0ABBA50E078B98941303C41D /* Products */,
			);
			sourceTree = "<group>";
		};
		726886A0FA99E932FAB381C3 /* Generated */ = {
			isa = PBXGroup;
			children = (
				8931F4E88E91BD19C029D112 /* AppL10n.generated.swift */,
			);
			path = Generated;
			sourceTree = "<group>";
		};
		8CC2CB5D80D7F72A4164C392 /* DebridHubHost */ = {
			isa = PBXGroup;
			children = (
				B9204C036EA4A301EF591282 /* ContentView.swift */,
				1867AE7CB826BD3B8E0CE678 /* DebridHubApp.swift */,
				FAEA340595C0556876307764 /* IOSAppViewModel.swift */,
				9501E2417D64B7A98CF74418 /* LaunchScreen.storyboard */,
				726886A0FA99E932FAB381C3 /* Generated */,
				D1D045841A6684CA3DE98792 /* Resources */,
			);
			path = DebridHubHost;
			sourceTree = "<group>";
		};
		C5702487C14639712212F701 /* DebridHubHostTests */ = {
			isa = PBXGroup;
			children = (
				4F42FE98C6FB40165E02C80E /* IOSAppViewModelTests.swift */,
				8234F9F2A5190107157D320F /* LocalizationSmokeTests.swift */,
			);
			path = DebridHubHostTests;
			sourceTree = "<group>";
		};
		CF2BB63CF57591EB63929B79 /* Frameworks */ = {
			isa = PBXGroup;
			children = (
				1E4AE850A4B72C8CF0B39504 /* Shared.framework */,
			);
			name = Frameworks;
			sourceTree = "<group>";
		};
		D1D045841A6684CA3DE98792 /* Resources */ = {
			isa = PBXGroup;
			children = (
				D0FD397499DA4B3717058C13 /* Localizable.strings */,
			);
			path = Resources;
			sourceTree = "<group>";
		};
/* End PBXGroup section */

/* Begin PBXNativeTarget section */
		06AE696ECCD6C1E07256E3B4 /* DebridHubHostTests */ = {
			isa = PBXNativeTarget;
			buildConfigurationList = FFDE58A3BE03D52C4C69ADF1 /* Build configuration list for PBXNativeTarget "DebridHubHostTests" */;
			buildPhases = (
				5291832BA943FE6E92653171 /* Sources */,
				A3435672C1041F7BD03CA0D6 /* Frameworks */,
				1E1E4E783E3C2FE3C5106355 /* Embed Frameworks */,
			);
			buildRules = (
			);
			dependencies = (
				32A4280931C52E8C921EF229 /* PBXTargetDependency */,
			);
			name = DebridHubHostTests;
			packageProductDependencies = (
			);
			productName = DebridHubHostTests;
			productReference = 208F2A1AAAADBCD12C46E2A7 /* DebridHubHostTests.xctest */;
			productType = "com.apple.product-type.bundle.unit-test";
		};
		E31AFC00ACBA98EC6F628C82 /* DebridHubHost */ = {
			isa = PBXNativeTarget;
			buildConfigurationList = A7EBBE384410E64F69B15C12 /* Build configuration list for PBXNativeTarget "DebridHubHost" */;
			buildPhases = (
				6146DCA731F3BCFC7DCA262C /* Build Shared Framework */,
				BE96FA097691D4B976CC8604 /* Sources */,
				A9F2EB0FE5DB2CC8E4008BAC /* Resources */,
				E36F8205EE858D8390005960 /* Frameworks */,
				B1F864759AD75FE9EC37B74B /* Embed Frameworks */,
			);
			buildRules = (
			);
			dependencies = (
			);
			name = DebridHubHost;
			packageProductDependencies = (
			);
			productName = DebridHubHost;
			productReference = 0F34BB3B44E383FC97E182D7 /* DebridHubHost.app */;
			productType = "com.apple.product-type.application";
		};
/* End PBXNativeTarget section */

/* Begin PBXProject section */
		F982FFCEF3C2F901DC6747C2 /* Project object */ = {
			isa = PBXProject;
			attributes = {
				BuildIndependentTargetsInParallel = YES;
				LastUpgradeCheck = 1430;
				TargetAttributes = {
					06AE696ECCD6C1E07256E3B4 = {
						DevelopmentTeam = "";
						ProvisioningStyle = Automatic;
					};
					E31AFC00ACBA98EC6F628C82 = {
						DevelopmentTeam = "";
						ProvisioningStyle = Automatic;
					};
				};
			};
			buildConfigurationList = 8242A11E4797E3BDB14E98EE /* Build configuration list for PBXProject "DebridHubHost" */;
			developmentRegion = en;
			hasScannedForEncodings = 0;
			knownRegions = (
				Base,
				de,
				en,
				es,
				fr,
				tr,
			);
			mainGroup = 32F11133BF7211288CEC7CE2;
			minimizedProjectReferenceProxies = 1;
			preferredProjectObjectVersion = 77;
			productRefGroup = 0ABBA50E078B98941303C41D /* Products */;
			projectDirPath = "";
			projectRoot = "";
			targets = (
				E31AFC00ACBA98EC6F628C82 /* DebridHubHost */,
				06AE696ECCD6C1E07256E3B4 /* DebridHubHostTests */,
			);
		};
/* End PBXProject section */

/* Begin PBXResourcesBuildPhase section */
		A9F2EB0FE5DB2CC8E4008BAC /* Resources */ = {
			isa = PBXResourcesBuildPhase;
			buildActionMask = 2147483647;
			files = (
				EC404BED5EB583102F3EA452 /* LaunchScreen.storyboard in Resources */,
				8C2B955F13180500AF99D6CE /* Localizable.strings in Resources */,
			);
			runOnlyForDeploymentPostprocessing = 0;
		};
/* End PBXResourcesBuildPhase section */

/* Begin PBXShellScriptBuildPhase section */
		6146DCA731F3BCFC7DCA262C /* Build Shared Framework */ = {
			isa = PBXShellScriptBuildPhase;
			buildActionMask = 2147483647;
			files = (
			);
			inputFileListPaths = (
			);
			inputPaths = (
			);
			name = "Build Shared Framework";
			outputFileListPaths = (
			);
			outputPaths = (
				"$(SRCROOT)/../shared/build/xcode-frameworks/$(CONFIGURATION)/$(SDK_NAME)/Shared.framework/Shared",
			);
			runOnlyForDeploymentPostprocessing = 0;
			shellPath = /bin/sh;
			shellScript = "set -euo pipefail\nREPO_ROOT=\"$SRCROOT/..\"\nif [[ -z \"${JAVA_HOME:-}\" || ! -x \"$JAVA_HOME/bin/java\" ]]; then\n  export JAVA_HOME=\"$(\"/usr/libexec/java_home\" -v 21 2>/dev/null)\"\nfi\ncd \"$REPO_ROOT\"\n./gradlew :shared:embedAndSignAppleFrameworkForXcode\n";
		};
/* End PBXShellScriptBuildPhase section */

/* Begin PBXSourcesBuildPhase section */
		5291832BA943FE6E92653171 /* Sources */ = {
			isa = PBXSourcesBuildPhase;
			buildActionMask = 2147483647;
			files = (
				7565AF7AF387225F7F60DDFA /* IOSAppViewModelTests.swift in Sources */,
				BB0322B716D12C85336A02B9 /* LocalizationSmokeTests.swift in Sources */,
			);
			runOnlyForDeploymentPostprocessing = 0;
		};
		BE96FA097691D4B976CC8604 /* Sources */ = {
			isa = PBXSourcesBuildPhase;
			buildActionMask = 2147483647;
			files = (
				CB9F97A87E0F8E7E563EA2CE /* AppL10n.generated.swift in Sources */,
				36E49109797BDD687F86077B /* ContentView.swift in Sources */,
				C6DC042C3AB8717092AD56CD /* DebridHubApp.swift in Sources */,
				9F5708DCBD6A2E5159F62BD4 /* IOSAppViewModel.swift in Sources */,
			);
			runOnlyForDeploymentPostprocessing = 0;
		};
/* End PBXSourcesBuildPhase section */

/* Begin PBXTargetDependency section */
		32A4280931C52E8C921EF229 /* PBXTargetDependency */ = {
			isa = PBXTargetDependency;
			target = E31AFC00ACBA98EC6F628C82 /* DebridHubHost */;
			targetProxy = C8874601B7202762BFD8F4D4 /* PBXContainerItemProxy */;
		};
/* End PBXTargetDependency section */

/* Begin PBXVariantGroup section */
		D0FD397499DA4B3717058C13 /* Localizable.strings */ = {
			isa = PBXVariantGroup;
			children = (
				5A3E0BE077F0BB5396EB8AB7 /* de */,
				C7C3744ADBE081DFE641A71A /* en */,
				1C40A94832FA855471003583 /* es */,
				19B5DCA04693F83D567E9474 /* fr */,
				76E3C99F3ECB3A00F4C544C7 /* tr */,
			);
			name = Localizable.strings;
			sourceTree = "<group>";
		};
/* End PBXVariantGroup section */

/* Begin XCBuildConfiguration section */
		88C3C9F3C8AE0B9663129E77 /* Release */ = {
			isa = XCBuildConfiguration;
			buildSettings = {
				BUNDLE_LOADER = "$(TEST_HOST)";
				FRAMEWORK_SEARCH_PATHS = (
					"$(inherited)",
					"\"../shared/build/xcode-frameworks/$(CONFIGURATION)/$(SDK_NAME)\"",
				);
				GENERATE_INFOPLIST_FILE = YES;
				IPHONEOS_DEPLOYMENT_TARGET = 18.0;
				LD_RUNPATH_SEARCH_PATHS = (
					"$(inherited)",
					"@executable_path/Frameworks",
					"@loader_path/Frameworks",
				);
				PRODUCT_BUNDLE_IDENTIFIER = app.debridhub.ios.tests;
				PRODUCT_NAME = DebridHubHostTests;
				SDKROOT = iphoneos;
				SWIFT_MODULE_NAME = DebridHubHostTests;
				TARGETED_DEVICE_FAMILY = "1,2";
				TEST_HOST = "$(BUILT_PRODUCTS_DIR)/DebridHub.app/DebridHub";
			};
			name = Release;
		};
		9039542DDB28820108E46EF6 /* Debug */ = {
			isa = XCBuildConfiguration;
			buildSettings = {
				ALWAYS_SEARCH_USER_PATHS = NO;
				CLANG_ANALYZER_NONNULL = YES;
				CLANG_ANALYZER_NUMBER_OBJECT_CONVERSION = YES_AGGRESSIVE;
				CLANG_CXX_LANGUAGE_STANDARD = "gnu++14";
				CLANG_CXX_LIBRARY = "libc++";
				CLANG_ENABLE_MODULES = YES;
				CLANG_ENABLE_OBJC_ARC = YES;
				CLANG_ENABLE_OBJC_WEAK = YES;
				CLANG_WARN_BLOCK_CAPTURE_AUTORELEASING = YES;
				CLANG_WARN_BOOL_CONVERSION = YES;
				CLANG_WARN_COMMA = YES;
				CLANG_WARN_CONSTANT_CONVERSION = YES;
				CLANG_WARN_DEPRECATED_OBJC_IMPLEMENTATIONS = YES;
				CLANG_WARN_DIRECT_OBJC_ISA_USAGE = YES_ERROR;
				CLANG_WARN_DOCUMENTATION_COMMENTS = YES;
				CLANG_WARN_EMPTY_BODY = YES;
				CLANG_WARN_ENUM_CONVERSION = YES;
				CLANG_WARN_INFINITE_RECURSION = YES;
				CLANG_WARN_INT_CONVERSION = YES;
				CLANG_WARN_NON_LITERAL_NULL_CONVERSION = YES;
				CLANG_WARN_OBJC_IMPLICIT_RETAIN_SELF = YES;
				CLANG_WARN_OBJC_LITERAL_CONVERSION = YES;
				CLANG_WARN_OBJC_ROOT_CLASS = YES_ERROR;
				CLANG_WARN_QUOTED_INCLUDE_IN_FRAMEWORK_HEADER = YES;
				CLANG_WARN_RANGE_LOOP_ANALYSIS = YES;
				CLANG_WARN_STRICT_PROTOTYPES = YES;
				CLANG_WARN_SUSPICIOUS_MOVE = YES;
				CLANG_WARN_UNGUARDED_AVAILABILITY = YES_AGGRESSIVE;
				CLANG_WARN_UNREACHABLE_CODE = YES;
				CLANG_WARN__DUPLICATE_METHOD_MATCH = YES;
				CODE_SIGN_STYLE = Automatic;
				COPY_PHASE_STRIP = NO;
				DEBUG_INFORMATION_FORMAT = dwarf;
				DEVELOPMENT_TEAM = "";
				ENABLE_STRICT_OBJC_MSGSEND = YES;
				ENABLE_TESTABILITY = YES;
				FRAMEWORK_SEARCH_PATHS = (
					"$(inherited)",
					"$(SRCROOT)/../shared/build/xcode-frameworks/$(CONFIGURATION)/$(SDK_NAME)",
				);
				GCC_C_LANGUAGE_STANDARD = gnu11;
				GCC_DYNAMIC_NO_PIC = NO;
				GCC_NO_COMMON_BLOCKS = YES;
				GCC_OPTIMIZATION_LEVEL = 0;
				GCC_PREPROCESSOR_DEFINITIONS = (
					"$(inherited)",
					"DEBUG=1",
				);
				GCC_WARN_64_TO_32_BIT_CONVERSION = YES;
				GCC_WARN_ABOUT_RETURN_TYPE = YES_ERROR;
				GCC_WARN_UNDECLARED_SELECTOR = YES;
				GCC_WARN_UNINITIALIZED_AUTOS = YES_AGGRESSIVE;
				GCC_WARN_UNUSED_FUNCTION = YES;
				GCC_WARN_UNUSED_VARIABLE = YES;
				IPHONEOS_DEPLOYMENT_TARGET = 18.0;
				LD_RUNPATH_SEARCH_PATHS = (
					"$(inherited)",
					"@executable_path/Frameworks",
				);
				MTL_ENABLE_DEBUG_INFO = INCLUDE_SOURCE;
				MTL_FAST_MATH = YES;
				ONLY_ACTIVE_ARCH = YES;
				PRODUCT_BUNDLE_IDENTIFIER = app.debridhub.ios;
				PRODUCT_NAME = DebridHub;
				SDKROOT = iphoneos;
				SWIFT_ACTIVE_COMPILATION_CONDITIONS = DEBUG;
				SWIFT_OPTIMIZATION_LEVEL = "-Onone";
				SWIFT_VERSION = 5.10;
			};
			name = Debug;
		};
		9FFBB6463B68D1F22344A213 /* Release */ = {
			isa = XCBuildConfiguration;
			buildSettings = {
				ASSETCATALOG_COMPILER_APPICON_NAME = AppIcon;
				CODE_SIGN_IDENTITY = "iPhone Developer";
				FRAMEWORK_SEARCH_PATHS = (
					"$(inherited)",
					"\"../shared/build/xcode-frameworks/$(CONFIGURATION)/$(SDK_NAME)\"",
				);
				INFOPLIST_FILE = DebridHubHost/Info.plist;
				IPHONEOS_DEPLOYMENT_TARGET = 18.0;
				LD_RUNPATH_SEARCH_PATHS = (
					"$(inherited)",
					"@executable_path/Frameworks",
				);
				SDKROOT = iphoneos;
				TARGETED_DEVICE_FAMILY = 1;
			};
			name = Release;
		};
		AB8FDC1E9C20CB341274FDF6 /* Debug */ = {
			isa = XCBuildConfiguration;
			buildSettings = {
				ASSETCATALOG_COMPILER_APPICON_NAME = AppIcon;
				CODE_SIGN_IDENTITY = "iPhone Developer";
				FRAMEWORK_SEARCH_PATHS = (
					"$(inherited)",
					"\"../shared/build/xcode-frameworks/$(CONFIGURATION)/$(SDK_NAME)\"",
				);
				INFOPLIST_FILE = DebridHubHost/Info.plist;
				IPHONEOS_DEPLOYMENT_TARGET = 18.0;
				LD_RUNPATH_SEARCH_PATHS = (
					"$(inherited)",
					"@executable_path/Frameworks",
				);
				SDKROOT = iphoneos;
				TARGETED_DEVICE_FAMILY = 1;
			};
			name = Debug;
		};
		C2DD0C7C3E28104D5D3F1546 /* Debug */ = {
			isa = XCBuildConfiguration;
			buildSettings = {
				BUNDLE_LOADER = "$(TEST_HOST)";
				FRAMEWORK_SEARCH_PATHS = (
					"$(inherited)",
					"\"../shared/build/xcode-frameworks/$(CONFIGURATION)/$(SDK_NAME)\"",
				);
				GENERATE_INFOPLIST_FILE = YES;
				IPHONEOS_DEPLOYMENT_TARGET = 18.0;
				LD_RUNPATH_SEARCH_PATHS = (
					"$(inherited)",
					"@executable_path/Frameworks",
					"@loader_path/Frameworks",
				);
				PRODUCT_BUNDLE_IDENTIFIER = app.debridhub.ios.tests;
				PRODUCT_NAME = DebridHubHostTests;
				SDKROOT = iphoneos;
				SWIFT_MODULE_NAME = DebridHubHostTests;
				TARGETED_DEVICE_FAMILY = "1,2";
				TEST_HOST = "$(BUILT_PRODUCTS_DIR)/DebridHub.app/DebridHub";
			};
			name = Debug;
		};
		F7D8CFBD0288B026C5F86D24 /* Release */ = {
			isa = XCBuildConfiguration;
			buildSettings = {
				ALWAYS_SEARCH_USER_PATHS = NO;
				CLANG_ANALYZER_NONNULL = YES;
				CLANG_ANALYZER_NUMBER_OBJECT_CONVERSION = YES_AGGRESSIVE;
				CLANG_CXX_LANGUAGE_STANDARD = "gnu++14";
				CLANG_CXX_LIBRARY = "libc++";
				CLANG_ENABLE_MODULES = YES;
				CLANG_ENABLE_OBJC_ARC = YES;
				CLANG_ENABLE_OBJC_WEAK = YES;
				CLANG_WARN_BLOCK_CAPTURE_AUTORELEASING = YES;
				CLANG_WARN_BOOL_CONVERSION = YES;
				CLANG_WARN_COMMA = YES;
				CLANG_WARN_CONSTANT_CONVERSION = YES;
				CLANG_WARN_DEPRECATED_OBJC_IMPLEMENTATIONS = YES;
				CLANG_WARN_DIRECT_OBJC_ISA_USAGE = YES_ERROR;
				CLANG_WARN_DOCUMENTATION_COMMENTS = YES;
				CLANG_WARN_EMPTY_BODY = YES;
				CLANG_WARN_ENUM_CONVERSION = YES;
				CLANG_WARN_INFINITE_RECURSION = YES;
				CLANG_WARN_INT_CONVERSION = YES;
				CLANG_WARN_NON_LITERAL_NULL_CONVERSION = YES;
				CLANG_WARN_OBJC_IMPLICIT_RETAIN_SELF = YES;
				CLANG_WARN_OBJC_LITERAL_CONVERSION = YES;
				CLANG_WARN_OBJC_ROOT_CLASS = YES_ERROR;
				CLANG_WARN_QUOTED_INCLUDE_IN_FRAMEWORK_HEADER = YES;
				CLANG_WARN_RANGE_LOOP_ANALYSIS = YES;
				CLANG_WARN_STRICT_PROTOTYPES = YES;
				CLANG_WARN_SUSPICIOUS_MOVE = YES;
				CLANG_WARN_UNGUARDED_AVAILABILITY = YES_AGGRESSIVE;
				CLANG_WARN_UNREACHABLE_CODE = YES;
				CLANG_WARN__DUPLICATE_METHOD_MATCH = YES;
				CODE_SIGN_STYLE = Automatic;
				COPY_PHASE_STRIP = NO;
				DEBUG_INFORMATION_FORMAT = "dwarf-with-dsym";
				DEVELOPMENT_TEAM = "";
				ENABLE_NS_ASSERTIONS = NO;
				ENABLE_STRICT_OBJC_MSGSEND = YES;
				FRAMEWORK_SEARCH_PATHS = (
					"$(inherited)",
					"$(SRCROOT)/../shared/build/xcode-frameworks/$(CONFIGURATION)/$(SDK_NAME)",
				);
				GCC_C_LANGUAGE_STANDARD = gnu11;
				GCC_NO_COMMON_BLOCKS = YES;
				GCC_WARN_64_TO_32_BIT_CONVERSION = YES;
				GCC_WARN_ABOUT_RETURN_TYPE = YES_ERROR;
				GCC_WARN_UNDECLARED_SELECTOR = YES;
				GCC_WARN_UNINITIALIZED_AUTOS = YES_AGGRESSIVE;
				GCC_WARN_UNUSED_FUNCTION = YES;
				GCC_WARN_UNUSED_VARIABLE = YES;
				IPHONEOS_DEPLOYMENT_TARGET = 18.0;
				LD_RUNPATH_SEARCH_PATHS = (
					"$(inherited)",
					"@executable_path/Frameworks",
				);
				MTL_ENABLE_DEBUG_INFO = NO;
				MTL_FAST_MATH = YES;
				PRODUCT_BUNDLE_IDENTIFIER = app.debridhub.ios;
				PRODUCT_NAME = DebridHub;
				SDKROOT = iphoneos;
				SWIFT_COMPILATION_MODE = wholemodule;
				SWIFT_OPTIMIZATION_LEVEL = "-O";
				SWIFT_VERSION = 5.10;
			};
			name = Release;
		};
/* End XCBuildConfiguration section */

/* Begin XCConfigurationList section */
		8242A11E4797E3BDB14E98EE /* Build configuration list for PBXProject "DebridHubHost" */ = {
			isa = XCConfigurationList;
			buildConfigurations = (
				9039542DDB28820108E46EF6 /* Debug */,
				F7D8CFBD0288B026C5F86D24 /* Release */,
			);
			defaultConfigurationIsVisible = 0;
			defaultConfigurationName = Debug;
		};
		A7EBBE384410E64F69B15C12 /* Build configuration list for PBXNativeTarget "DebridHubHost" */ = {
			isa = XCConfigurationList;
			buildConfigurations = (
				AB8FDC1E9C20CB341274FDF6 /* Debug */,
				9FFBB6463B68D1F22344A213 /* Release */,
			);
			defaultConfigurationIsVisible = 0;
			defaultConfigurationName = Debug;
		};
		FFDE58A3BE03D52C4C69ADF1 /* Build configuration list for PBXNativeTarget "DebridHubHostTests" */ = {
			isa = XCConfigurationList;
			buildConfigurations = (
				C2DD0C7C3E28104D5D3F1546 /* Debug */,
				88C3C9F3C8AE0B9663129E77 /* Release */,
			);
			defaultConfigurationIsVisible = 0;
			defaultConfigurationName = Debug;
		};
/* End XCConfigurationList section */
	};
	rootObject = F982FFCEF3C2F901DC6747C2 /* Project object */;
}
